
Microsoft Visual Studio Solution File, Format Version 12.00
# Visual Studio Version 16
VisualStudioVersion = 16.0.30907.101
MinimumVisualStudioVersion = 10.0.40219.1
Project("{9A19103F-16F7-4668-BE54-9A1E7A4F7556}") = "RepairShopBusinessLogic", "RepairShopBusinessLogic\RepairShopBusinessLogic.csproj", "{A45D1B85-7CBE-4FD4-9A6B-BA3594BD4BF9}"
EndProject
Project("{9A19103F-16F7-4668-BE54-9A1E7A4F7556}") = "RepairShopDatabaseImplement", "RepairShopDatabaseImplement\RepairShopDatabaseImplement.csproj", "{2C873CE9-56EC-4E5E-B503-199E7A51CF58}"
EndProject
Project("{9A19103F-16F7-4668-BE54-9A1E7A4F7556}") = "RepairShopFileImplement", "RepairShopFileImplement\RepairShopFileImplement.csproj", "{3728FB46-8415-4068-ADC3-14AEEB658EF3}"
EndProject
Project("{9A19103F-16F7-4668-BE54-9A1E7A4F7556}") = "RepairShopListImplement", "RepairShopListImplement\RepairShopListImplement.csproj", "{0F1A69BD-5E35-49C4-BFA1-9DF0497E56A6}"
EndProject
Project("{FAE04EC0-301F-11D3-BF4B-00C04F79EFBC}") = "RepairShopView", "RepairShopView\RepairShopView.csproj", "{B484B7E3-D3F4-41A6-8421-191EBB79D961}"
EndProject
Global
	GlobalSection(SolutionConfigurationPlatforms) = preSolution
		Debug|Any CPU = Debug|Any CPU
		Release|Any CPU = Release|Any CPU
	EndGlobalSection
	GlobalSection(ProjectConfigurationPlatforms) = postSolution
		{A45D1B85-7CBE-4FD4-9A6B-BA3594BD4BF9}.Debug|Any CPU.ActiveCfg = Debug|Any CPU
		{A45D1B85-7CBE-4FD4-9A6B-BA3594BD4BF9}.Debug|Any CPU.Build.0 = Debug|Any CPU
		{A45D1B85-7CBE-4FD4-9A6B-BA3594BD4BF9}.Release|Any CPU.ActiveCfg = Release|Any CPU
		{A45D1B85-7CBE-4FD4-9A6B-BA3594BD4BF9}.Release|Any CPU.Build.0 = Release|Any CPU
		{2C873CE9-56EC-4E5E-B503-199E7A51CF58}.Debug|Any CPU.ActiveCfg = Debug|Any CPU
		{2C873CE9-56EC-4E5E-B503-199E7A51CF58}.Debug|Any CPU.Build.0 = Debug|Any CPU
		{2C873CE9-56EC-4E5E-B503-199E7A51CF58}.Release|Any CPU.ActiveCfg = Release|Any CPU
		{2C873CE9-56EC-4E5E-B503-199E7A51CF58}.Release|Any CPU.Build.0 = Release|Any CPU
		{3728FB46-8415-4068-ADC3-14AEEB658EF3}.Debug|Any CPU.ActiveCfg = Debug|Any CPU
		{3728FB46-8415-4068-ADC3-14AEEB658EF3}.Debug|Any CPU.Build.0 = Debug|Any CPU
		{3728FB46-8415-4068-ADC3-14AEEB658EF3}.Release|Any CPU.ActiveCfg = Release|Any CPU
		{3728FB46-8415-4068-ADC3-14AEEB658EF3}.Release|Any CPU.Build.0 = Release|Any CPU
		{0F1A69BD-5E35-49C4-BFA1-9DF0497E56A6}.Debug|Any CPU.ActiveCfg = Debug|Any CPU
		{0F1A69BD-5E35-49C4-BFA1-9DF0497E56A6}.Debug|Any CPU.Build.0 = Debug|Any CPU
		{0F1A69BD-5E35-49C4-BFA1-9DF0497E56A6}.Release|Any CPU.ActiveCfg = Release|Any CPU
		{0F1A69BD-5E35-49C4-BFA1-9DF0497E56A6}.Release|Any CPU.Build.0 = Release|Any CPU
		{B484B7E3-D3F4-41A6-8421-191EBB79D961}.Debug|Any CPU.ActiveCfg = Debug|Any CPU
		{B484B7E3-D3F4-41A6-8421-191EBB79D961}.Debug|Any CPU.Build.0 = Debug|Any CPU
		{B484B7E3-D3F4-41A6-8421-191EBB79D961}.Release|Any CPU.ActiveCfg = Release|Any CPU
		{B484B7E3-D3F4-41A6-8421-191EBB79D961}.Release|Any CPU.Build.0 = Release|Any CPU
	EndGlobalSection
	GlobalSection(SolutionProperties) = preSolution
		HideSolutionNode = FALSE
	EndGlobalSection
	GlobalSection(ExtensibilityGlobals) = postSolution
		SolutionGuid = {25902CE1-BE0D-4E33-A643-5A3725A9F81B}
	EndGlobalSection
EndGlobal
